
Microsoft Visual Studio Solution File, Format Version 12.00
# Visual Studio 15
VisualStudioVersion = 15.0.27428.2037
MinimumVisualStudioVersion = 10.0.40219.1
Project("{FAE04EC0-301F-11D3-BF4B-00C04F79EFBC}") = "jQueryPractice", "jQueryPractice\jQueryPractice.csproj", "{07FE1B17-EEC1-44C3-84A2-EBBE9FFE0849}"
EndProject
Global
	GlobalSection(SolutionConfigurationPlatforms) = preSolution
		Debug|Any CPU = Debug|Any CPU
		Release|Any CPU = Release|Any CPU
	EndGlobalSection
	GlobalSection(ProjectConfigurationPlatforms) = postSolution
		{07FE1B17-EEC1-44C3-84A2-EBBE9FFE0849}.Debug|Any CPU.ActiveCfg = Debug|Any CPU
		{07FE1B17-EEC1-44C3-84A2-EBBE9FFE0849}.Debug|Any CPU.Build.0 = Debug|Any CPU
		{07FE1B17-EEC1-44C3-84A2-EBBE9FFE0849}.Release|Any CPU.ActiveCfg = Release|Any CPU
		{07FE1B17-EEC1-44C3-84A2-EBBE9FFE0849}.Release|Any CPU.Build.0 = Release|Any CPU
	EndGlobalSection
	GlobalSection(SolutionProperties) = preSolution
		HideSolutionNode = FALSE
	EndGlobalSection
	GlobalSection(ExtensibilityGlobals) = postSolution
		SolutionGuid = {B2FAAC6C-BE79-4ED5-B5B7-005762C83CA9}
	EndGlobalSection
EndGlobal
